<Solution>
  <Project Path="Template.API/Template.API.csproj" />
  <Project Path="Template.CommandHandlers/Template.CommandHandlers.csproj" />
  <Project Path="Template.Commands/Template.Commands.csproj" />
  <Project Path="Template.Consumer/Template.Consumer.csproj" Id="ed34e2ae-047c-41b0-8b41-71cc79e27568" />
  <Project Path="Template.Contracts/Template.Contracts.csproj" Id="ac9d71ec-df1f-4ed0-97b4-c97276684f80" />
  <Project Path="Template.Database/Template.Database.csproj" />
  <Project Path="Template.EventHandlers/Template.EventHandlers.csproj" Id="68970b1a-a6b3-4742-ad8b-a3c3c0fc8dfc" />
  <Project Path="Template.Events/Template.Events.csproj" Id="31cd543e-a1f9-473d-8f95-14f893914e9e" />
  <Project Path="Template.Queries/Template.Queries.csproj" />
  <Project Path="Template.QueryHandlers/Template.QueryHandlers.csproj" />
  <Project Path="Template.Services/Template.Services.csproj" />
  <Project Path="Template.Shared.Models/Template.Shared.Models.csproj" />
  <Project Path="Template.Utilities/Template.Utilities.csproj" Id="eb9d58b0-79c5-472c-8a41-6bace4ebf981" />
</Solution>
